github.com/mdwhatcott/testing v0.14.1 h1:pV1XthVAwstxqzUOjvRF77saK9G8pw0/gXYxw/rtfPc=
github.com/mdwhatcott/testing v0.14.1/go.mod h1:kTUltmHGNjAfXlHI3Q9/6w+7He7wPA+INVGTKVj8NiY=
github.com/yuin/goldmark v1.4.3 h1:eTEYYWtQLjK7+WK45Tk81OTkp/0UvAyqUj8flU0nTO4=
github.com/yuin/goldmark v1.4.3/go.mod h1:rmuwmfZ0+bvzB24eSC//bk1R1Zp3hM0OXYv/G2LIilg=
