github.com/mdwhatcott/testing v0.21.4 h1:D20eKh7zdVxFvlg6wBTMXNNk7B82GcQGEN9EhBk98hM=
github.com/mdwhatcott/testing v0.21.4/go.mod h1:DKbNObO+bditG0r27w3ZZmgcwOZiy6Yh6kFUKwvAGeI=
github.com/yuin/goldmark v1.4.11 h1:i45YIzqLnUc2tGaTlJCyUxSG8TvgyGqhqOZOUKIjJ6w=
github.com/yuin/goldmark v1.4.11/go.mod h1:rmuwmfZ0+bvzB24eSC//bk1R1Zp3hM0OXYv/G2LIilg=
