github.com/mdwhatcott/testing v1.4.0 h1:Tb8EbbhS6Sxp/Pbaw2VYUGOFMbesRoz1lJrPF1OSouQ=
github.com/mdwhatcott/testing v1.4.0/go.mod h1:qw9pmVND0BqPmN/DE1BtaVzIvmQcffQAY+DOpnZ3qMo=
github.com/yuin/goldmark v1.7.1 h1:3bajkSilaCbjdKVsKdZjZCLBNPL9pYzrCakKaf4U49U=
github.com/yuin/goldmark v1.7.1/go.mod h1:uzxRWxtg69N339t3louHJ7+O03ezfj6PlliRlaOzY1E=
